
Microsoft Visual Studio Solution File, Format Version 12.00
# Visual Studio 14
VisualStudioVersion = 14.0.25420.1
MinimumVisualStudioVersion = 10.0.40219.1
Project("{2150E333-8FDC-42A3-9474-1A3956D46DE8}") = "src", "src", "{5EE743AC-9A0D-4B49-989D-E64343439C02}"
EndProject
Project("{2150E333-8FDC-42A3-9474-1A3956D46DE8}") = "Solution Items", "Solution Items", "{6014B0AA-F0E0-4D1C-8C3E-0276FD6CE0A0}"
	ProjectSection(SolutionItems) = preProject
		global.json = global.json
	EndProjectSection
EndProject
Project("{8BB2217D-0F2D-49D1-97BC-3654ED321F3B}") = "RWSTestGit", "src\RWSTestGit\RWSTestGit.xproj", "{A065FBB1-345C-4ADA-BA7D-8FB8C805E633}"
EndProject
Global
	GlobalSection(SolutionConfigurationPlatforms) = preSolution
		Debug|Any CPU = Debug|Any CPU
		Release|Any CPU = Release|Any CPU
	EndGlobalSection
	GlobalSection(ProjectConfigurationPlatforms) = postSolution
		{A065FBB1-345C-4ADA-BA7D-8FB8C805E633}.Debug|Any CPU.ActiveCfg = Debug|Any CPU
		{A065FBB1-345C-4ADA-BA7D-8FB8C805E633}.Debug|Any CPU.Build.0 = Debug|Any CPU
		{A065FBB1-345C-4ADA-BA7D-8FB8C805E633}.Release|Any CPU.ActiveCfg = Release|Any CPU
		{A065FBB1-345C-4ADA-BA7D-8FB8C805E633}.Release|Any CPU.Build.0 = Release|Any CPU
	EndGlobalSection
	GlobalSection(SolutionProperties) = preSolution
		HideSolutionNode = FALSE
	EndGlobalSection
	GlobalSection(NestedProjects) = preSolution
		{A065FBB1-345C-4ADA-BA7D-8FB8C805E633} = {5EE743AC-9A0D-4B49-989D-E64343439C02}
	EndGlobalSection
EndGlobal
